
Microsoft Visual Studio Solution File, Format Version 12.00
# Visual Studio Version 17
VisualStudioVersion = 17.8.34330.188
MinimumVisualStudioVersion = 10.0.40219.1
Project("{FAE04EC0-301F-11D3-BF4B-00C04F79EFBC}") = "HomeworkApp", "HomeworkApp\HomeworkApp.csproj", "{9B40DB47-DC1F-4780-81E4-D9970CA35BA9}"
EndProject
Global
	GlobalSection(SolutionConfigurationPlatforms) = preSolution
		Debug|Any CPU = Debug|Any CPU
		Release|Any CPU = Release|Any CPU
	EndGlobalSection
	GlobalSection(ProjectConfigurationPlatforms) = postSolution
		{9B40DB47-DC1F-4780-81E4-D9970CA35BA9}.Debug|Any CPU.ActiveCfg = Debug|Any CPU
		{9B40DB47-DC1F-4780-81E4-D9970CA35BA9}.Debug|Any CPU.Build.0 = Debug|Any CPU
		{9B40DB47-DC1F-4780-81E4-D9970CA35BA9}.Release|Any CPU.ActiveCfg = Release|Any CPU
		{9B40DB47-DC1F-4780-81E4-D9970CA35BA9}.Release|Any CPU.Build.0 = Release|Any CPU
	EndGlobalSection
	GlobalSection(SolutionProperties) = preSolution
		HideSolutionNode = FALSE
	EndGlobalSection
	GlobalSection(ExtensibilityGlobals) = postSolution
		SolutionGuid = {C73DC0F2-917B-4E90-BB97-0661980BE4FD}
	EndGlobalSection
EndGlobal
